
Microsoft Visual Studio Solution File, Format Version 12.00
# Visual Studio Version 17
VisualStudioVersion = 17.11.35327.3
MinimumVisualStudioVersion = 10.0.40219.1
Project("{FAE04EC0-301F-11D3-BF4B-00C04F79EFBC}") = "Toader_Andrei_Lab1", "Toader_Andrei_Lab1.csproj", "{73CDF693-D537-45EA-98CC-9379AE704B55}"
EndProject
Global
	GlobalSection(SolutionConfigurationPlatforms) = preSolution
		Debug|Any CPU = Debug|Any CPU
		Release|Any CPU = Release|Any CPU
	EndGlobalSection
	GlobalSection(ProjectConfigurationPlatforms) = postSolution
		{73CDF693-D537-45EA-98CC-9379AE704B55}.Debug|Any CPU.ActiveCfg = Debug|Any CPU
		{73CDF693-D537-45EA-98CC-9379AE704B55}.Debug|Any CPU.Build.0 = Debug|Any CPU
		{73CDF693-D537-45EA-98CC-9379AE704B55}.Release|Any CPU.ActiveCfg = Release|Any CPU
		{73CDF693-D537-45EA-98CC-9379AE704B55}.Release|Any CPU.Build.0 = Release|Any CPU
	EndGlobalSection
	GlobalSection(SolutionProperties) = preSolution
		HideSolutionNode = FALSE
	EndGlobalSection
	GlobalSection(ExtensibilityGlobals) = postSolution
		SolutionGuid = {000B3786-5967-4EA7-AA53-F6F90B389EC8}
	EndGlobalSection
EndGlobal
